
Microsoft Visual Studio Solution File, Format Version 12.00
# Visual Studio Version 17
VisualStudioVersion = 17.5.002.0
MinimumVisualStudioVersion = 10.0.40219.1
Project("{9A19103F-16F7-4668-BE54-9A1E7A4F7556}") = "6_Gestione_delle_eccezioni", "6_Gestione_delle_eccezioni.csproj", "{FDEB7742-AED8-49B3-A5C9-0D990D501F78}"
EndProject
Global
	GlobalSection(SolutionConfigurationPlatforms) = preSolution
		Debug|Any CPU = Debug|Any CPU
		Release|Any CPU = Release|Any CPU
	EndGlobalSection
	GlobalSection(ProjectConfigurationPlatforms) = postSolution
		{FDEB7742-AED8-49B3-A5C9-0D990D501F78}.Debug|Any CPU.ActiveCfg = Debug|Any CPU
		{FDEB7742-AED8-49B3-A5C9-0D990D501F78}.Debug|Any CPU.Build.0 = Debug|Any CPU
		{FDEB7742-AED8-49B3-A5C9-0D990D501F78}.Release|Any CPU.ActiveCfg = Release|Any CPU
		{FDEB7742-AED8-49B3-A5C9-0D990D501F78}.Release|Any CPU.Build.0 = Release|Any CPU
	EndGlobalSection
	GlobalSection(SolutionProperties) = preSolution
		HideSolutionNode = FALSE
	EndGlobalSection
	GlobalSection(ExtensibilityGlobals) = postSolution
		SolutionGuid = {5F05951A-56F2-4CD1-A55E-92309381BC31}
	EndGlobalSection
EndGlobal
