
Microsoft Visual Studio Solution File, Format Version 12.00
# Visual Studio Version 17
VisualStudioVersion = 17.5.002.0
MinimumVisualStudioVersion = 10.0.40219.1
Project("{9A19103F-16F7-4668-BE54-9A1E7A4F7556}") = "4_Funzioni_e_Metodi", "4_Funzioni_e_Metodi.csproj", "{6C34D60C-F34A-4D4D-8116-C38FF0226257}"
EndProject
Global
	GlobalSection(SolutionConfigurationPlatforms) = preSolution
		Debug|Any CPU = Debug|Any CPU
		Release|Any CPU = Release|Any CPU
	EndGlobalSection
	GlobalSection(ProjectConfigurationPlatforms) = postSolution
		{6C34D60C-F34A-4D4D-8116-C38FF0226257}.Debug|Any CPU.ActiveCfg = Debug|Any CPU
		{6C34D60C-F34A-4D4D-8116-C38FF0226257}.Debug|Any CPU.Build.0 = Debug|Any CPU
		{6C34D60C-F34A-4D4D-8116-C38FF0226257}.Release|Any CPU.ActiveCfg = Release|Any CPU
		{6C34D60C-F34A-4D4D-8116-C38FF0226257}.Release|Any CPU.Build.0 = Release|Any CPU
	EndGlobalSection
	GlobalSection(SolutionProperties) = preSolution
		HideSolutionNode = FALSE
	EndGlobalSection
	GlobalSection(ExtensibilityGlobals) = postSolution
		SolutionGuid = {260DE043-8160-4928-8474-BBD5218483B8}
	EndGlobalSection
EndGlobal
